
Microsoft Visual Studio Solution File, Format Version 12.00
# Visual Studio 15
VisualStudioVersion = 15.0.26228.13
MinimumVisualStudioVersion = 10.0.40219.1
Project("{FAE04EC0-301F-11D3-BF4B-00C04F79EFBC}") = "CarRental.Bookings", "CarRental.Bookings\CarRental.Bookings.csproj", "{7ABEB2AB-B407-46D3-8BFC-1832A8187DCE}"
EndProject
Project("{FAE04EC0-301F-11D3-BF4B-00C04F79EFBC}") = "CarRental.Bookings.Tests", "CarRental.Bookings.Tests\CarRental.Bookings.Tests.csproj", "{D9716B65-0B7F-4007-9860-FB5C17130F86}"
EndProject
Global
	GlobalSection(SolutionConfigurationPlatforms) = preSolution
		Debug|Any CPU = Debug|Any CPU
		Release|Any CPU = Release|Any CPU
	EndGlobalSection
	GlobalSection(ProjectConfigurationPlatforms) = postSolution
		{7ABEB2AB-B407-46D3-8BFC-1832A8187DCE}.Debug|Any CPU.ActiveCfg = Debug|Any CPU
		{7ABEB2AB-B407-46D3-8BFC-1832A8187DCE}.Debug|Any CPU.Build.0 = Debug|Any CPU
		{7ABEB2AB-B407-46D3-8BFC-1832A8187DCE}.Release|Any CPU.ActiveCfg = Release|Any CPU
		{7ABEB2AB-B407-46D3-8BFC-1832A8187DCE}.Release|Any CPU.Build.0 = Release|Any CPU
		{D9716B65-0B7F-4007-9860-FB5C17130F86}.Debug|Any CPU.ActiveCfg = Debug|Any CPU
		{D9716B65-0B7F-4007-9860-FB5C17130F86}.Debug|Any CPU.Build.0 = Debug|Any CPU
		{D9716B65-0B7F-4007-9860-FB5C17130F86}.Release|Any CPU.ActiveCfg = Release|Any CPU
		{D9716B65-0B7F-4007-9860-FB5C17130F86}.Release|Any CPU.Build.0 = Release|Any CPU
	EndGlobalSection
	GlobalSection(SolutionProperties) = preSolution
		HideSolutionNode = FALSE
	EndGlobalSection
	GlobalSection(ExtensibilityGlobals) = postSolution
		SolutionGuid = {056BD8AB-1935-4B35-A192-264B85548CE1}
	EndGlobalSection
EndGlobal
